// !$*UTF8*$!
{
	archiveVersion = 1;
	classes = {
	};
	objectVersion = 55;
	objects = {

/* Begin PBXBuildFile section */
		7FD247D128F079BC003FE1DC /* AppDelegate.swift in Sources */ = {isa = PBXBuildFile; fileRef = 7FD247D028F079BC003FE1DC /* AppDelegate.swift */; };
		7FD247D328F079BC003FE1DC /* SceneDelegate.swift in Sources */ = {isa = PBXBuildFile; fileRef = 7FD247D228F079BC003FE1DC /* SceneDelegate.swift */; };
		7FD247D528F079BC003FE1DC /* ViewController.swift in Sources */ = {isa = PBXBuildFile; fileRef = 7FD247D428F079BC003FE1DC /* ViewController.swift */; };
		7FD247D828F079BC003FE1DC /* Main.storyboard in Resources */ = {isa = PBXBuildFile; fileRef = 7FD247D628F079BC003FE1DC /* Main.storyboard */; };
		7FD247DA28F079BE003FE1DC /* Assets.xcassets in Resources */ = {isa = PBXBuildFile; fileRef = 7FD247D928F079BE003FE1DC /* Assets.xcassets */; };
		7FD247DD28F079BE003FE1DC /* LaunchScreen.storyboard in Resources */ = {isa = PBXBuildFile; fileRef = 7FD247DB28F079BE003FE1DC /* LaunchScreen.storyboard */; };
		7FD247ED28F07EC8003FE1DC /* TableViewController.swift in Sources */ = {isa = PBXBuildFile; fileRef = 7FD247EC28F07EC8003FE1DC /* TableViewController.swift */; };
		7FD247EF28F07F66003FE1DC /* MyCell.swift in Sources */ = {isa = PBXBuildFile; fileRef = 7FD247EE28F07F66003FE1DC /* MyCell.swift */; };
		7FD247F128F07F6B003FE1DC /* brandCar.swift in Sources */ = {isa = PBXBuildFile; fileRef = 7FD247F028F07F6B003FE1DC /* brandCar.swift */; };
		7FD247F328F07F75003FE1DC /* ProtocalBrand.swift in Sources */ = {isa = PBXBuildFile; fileRef = 7FD247F228F07F75003FE1DC /* ProtocalBrand.swift */; };
/* End PBXBuildFile section */

/* Begin PBXFileReference section */
		7FD247CD28F079BC003FE1DC /* Trabajo.app */ = {isa = PBXFileReference; explicitFileType = wrapper.application; includeInIndex = 0; path = Trabajo.app; sourceTree = BUILT_PRODUCTS_DIR; };
		7FD247D028F079BC003FE1DC /* AppDelegate.swift */ = {isa = PBXFileReference; lastKnownFileType = sourcecode.swift; path = AppDelegate.swift; sourceTree = "<group>"; };
		7FD247D228F079BC003FE1DC /* SceneDelegate.swift */ = {isa = PBXFileReference; lastKnownFileType = sourcecode.swift; path = SceneDelegate.swift; sourceTree = "<group>"; };
		7FD247D428F079BC003FE1DC /* ViewController.swift */ = {isa = PBXFileReference; lastKnownFileType = sourcecode.swift; path = ViewController.swift; sourceTree = "<group>"; };
		7FD247D728F079BC003FE1DC /* Base */ = {isa = PBXFileReference; lastKnownFileType = file.storyboard; name = Base; path = Base.lproj/Main.storyboard; sourceTree = "<group>"; };
		7FD247D928F079BE003FE1DC /* Assets.xcassets */ = {isa = PBXFileReference; lastKnownFileType = folder.assetcatalog; path = Assets.xcassets; sourceTree = "<group>"; };
		7FD247DC28F079BE003FE1DC /* Base */ = {isa = PBXFileReference; lastKnownFileType = file.storyboard; name = Base; path = Base.lproj/LaunchScreen.storyboard; sourceTree = "<group>"; };
		7FD247DE28F079BE003FE1DC /* Info.plist */ = {isa = PBXFileReference; lastKnownFileType = text.plist.xml; path = Info.plist; sourceTree = "<group>"; };
		7FD247EC28F07EC8003FE1DC /* TableViewController.swift */ = {isa = PBXFileReference; lastKnownFileType = sourcecode.swift; path = TableViewController.swift; sourceTree = "<group>"; };
		7FD247EE28F07F66003FE1DC /* MyCell.swift */ = {isa = PBXFileReference; fileEncoding = 4; lastKnownFileType = sourcecode.swift; name = MyCell.swift; path = ../../asdf/asdf/MyCell.swift; sourceTree = "<group>"; };
		7FD247F028F07F6B003FE1DC /* brandCar.swift */ = {isa = PBXFileReference; fileEncoding = 4; lastKnownFileType = sourcecode.swift; name = brandCar.swift; path = ../../asdf/asdf/brandCar.swift; sourceTree = "<group>"; };
		7FD247F228F07F75003FE1DC /* ProtocalBrand.swift */ = {isa = PBXFileReference; fileEncoding = 4; lastKnownFileType = sourcecode.swift; name = ProtocalBrand.swift; path = ../../asdf/asdf/ProtocalBrand.swift; sourceTree = "<group>"; };
/* End PBXFileReference section */

/* Begin PBXFrameworksBuildPhase section */
		7FD247CA28F079BC003FE1DC /* Frameworks */ = {
			isa = PBXFrameworksBuildPhase;
			buildActionMask = 2147483647;
			files = (
			);
			runOnlyForDeploymentPostprocessing = 0;
		};
/* End PBXFrameworksBuildPhase section */

/* Begin PBXGroup section */
		7FD247C428F079BC003FE1DC = {
			isa = PBXGroup;
			children = (
				7FD247CF28F079BC003FE1DC /* Trabajo */,
				7FD247CE28F079BC003FE1DC /* Products */,
			);
			sourceTree = "<group>";
		};
		7FD247CE28F079BC003FE1DC /* Products */ = {
			isa = PBXGroup;
			children = (
				7FD247CD28F079BC003FE1DC /* Trabajo.app */,
			);
			name = Products;
			sourceTree = "<group>";
		};
		7FD247CF28F079BC003FE1DC /* Trabajo */ = {
			isa = PBXGroup;
			children = (
				7FD247D028F079BC003FE1DC /* AppDelegate.swift */,
				7FD247D228F079BC003FE1DC /* SceneDelegate.swift */,
				7FD247D428F079BC003FE1DC /* ViewController.swift */,
				7FD247D628F079BC003FE1DC /* Main.storyboard */,
				7FD247D928F079BE003FE1DC /* Assets.xcassets */,
				7FD247DB28F079BE003FE1DC /* LaunchScreen.storyboard */,
				7FD247DE28F079BE003FE1DC /* Info.plist */,
				7FD247EC28F07EC8003FE1DC /* TableViewController.swift */,
				7FD247EE28F07F66003FE1DC /* MyCell.swift */,
				7FD247F028F07F6B003FE1DC /* brandCar.swift */,
				7FD247F228F07F75003FE1DC /* ProtocalBrand.swift */,
			);
			path = Trabajo;
			sourceTree = "<group>";
		};
/* End PBXGroup section */

/* Begin PBXNativeTarget section */
		7FD247CC28F079BC003FE1DC /* Trabajo */ = {
			isa = PBXNativeTarget;
			buildConfigurationList = 7FD247E128F079BE003FE1DC /* Build configuration list for PBXNativeTarget "Trabajo" */;
			buildPhases = (
				7FD247C928F079BC003FE1DC /* Sources */,
				7FD247CA28F079BC003FE1DC /* Frameworks */,
				7FD247CB28F079BC003FE1DC /* Resources */,
			);
			buildRules = (
			);
			dependencies = (
			);
			name = Trabajo;
			productName = Trabajo;
			productReference = 7FD247CD28F079BC003FE1DC /* Trabajo.app */;
			productType = "com.apple.product-type.application";
		};
/* End PBXNativeTarget section */

/* Begin PBXProject section */
		7FD247C528F079BC003FE1DC /* Project object */ = {
			isa = PBXProject;
			attributes = {
				BuildIndependentTargetsInParallel = 1;
				LastSwiftUpdateCheck = 1340;
				LastUpgradeCheck = 1340;
				TargetAttributes = {
					7FD247CC28F079BC003FE1DC = {
						CreatedOnToolsVersion = 13.4.1;
					};
				};
			};
			buildConfigurationList = 7FD247C828F079BC003FE1DC /* Build configuration list for PBXProject "Trabajo" */;
			compatibilityVersion = "Xcode 13.0";
			developmentRegion = en;
			hasScannedForEncodings = 0;
			knownRegions = (
				en,
				Base,
			);
			mainGroup = 7FD247C428F079BC003FE1DC;
			productRefGroup = 7FD247CE28F079BC003FE1DC /* Products */;
			projectDirPath = "";
			projectRoot = "";
			targets = (
				7FD247CC28F079BC003FE1DC /* Trabajo */,
			);
		};
/* End PBXProject section */

/* Begin PBXResourcesBuildPhase section */
		7FD247CB28F079BC003FE1DC /* Resources */ = {
			isa = PBXResourcesBuildPhase;
			buildActionMask = 2147483647;
			files = (
				7FD247DD28F079BE003FE1DC /* LaunchScreen.storyboard in Resources */,
				7FD247DA28F079BE003FE1DC /* Assets.xcassets in Resources */,
				7FD247D828F079BC003FE1DC /* Main.storyboard in Resources */,
			);
			runOnlyForDeploymentPostprocessing = 0;
		};
/* End PBXResourcesBuildPhase section */

/* Begin PBXSourcesBuildPhase section */
		7FD247C928F079BC003FE1DC /* Sources */ = {
			isa = PBXSourcesBuildPhase;
			buildActionMask = 2147483647;
			files = (
				7FD247D528F079BC003FE1DC /* ViewController.swift in Sources */,
				7FD247EF28F07F66003FE1DC /* MyCell.swift in Sources */,
				7FD247F328F07F75003FE1DC /* ProtocalBrand.swift in Sources */,
				7FD247F128F07F6B003FE1DC /* brandCar.swift in Sources */,
				7FD247D128F079BC003FE1DC /* AppDelegate.swift in Sources */,
				7FD247D328F079BC003FE1DC /* SceneDelegate.swift in Sources */,
				7FD247ED28F07EC8003FE1DC /* TableViewController.swift in Sources */,
			);
			runOnlyForDeploymentPostprocessing = 0;
		};
/* End PBXSourcesBuildPhase section */

/* Begin PBXVariantGroup section */
		7FD247D628F079BC003FE1DC /* Main.storyboard */ = {
			isa = PBXVariantGroup;
			children = (
				7FD247D728F079BC003FE1DC /* Base */,
			);
			name = Main.storyboard;
			sourceTree = "<group>";
		};
		7FD247DB28F079BE003FE1DC /* LaunchScreen.storyboard */ = {
			isa = PBXVariantGroup;
			children = (
				7FD247DC28F079BE003FE1DC /* Base */,
			);
			name = LaunchScreen.storyboard;
			sourceTree = "<group>";
		};
/* End PBXVariantGroup section */

/* Begin XCBuildConfiguration section */
		7FD247DF28F079BE003FE1DC /* Debug */ = {
			isa = XCBuildConfiguration;
			buildSettings = {
				ALWAYS_SEARCH_USER_PATHS = NO;
				CLANG_ANALYZER_NONNULL = YES;
				CLANG_ANALYZER_NUMBER_OBJECT_CONVERSION = YES_AGGRESSIVE;
				CLANG_CXX_LANGUAGE_STANDARD = "gnu++17";
				CLANG_ENABLE_MODULES = YES;
				CLANG_ENABLE_OBJC_ARC = YES;
				CLANG_ENABLE_OBJC_WEAK = YES;
				CLANG_WARN_BLOCK_CAPTURE_AUTORELEASING = YES;
				CLANG_WARN_BOOL_CONVERSION = YES;
				CLANG_WARN_COMMA = YES;
				CLANG_WARN_CONSTANT_CONVERSION = YES;
				CLANG_WARN_DEPRECATED_OBJC_IMPLEMENTATIONS = YES;
				CLANG_WARN_DIRECT_OBJC_ISA_USAGE = YES_ERROR;
				CLANG_WARN_DOCUMENTATION_COMMENTS = YES;
				CLANG_WARN_EMPTY_BODY = YES;
				CLANG_WARN_ENUM_CONVERSION = YES;
				CLANG_WARN_INFINITE_RECURSION = YES;
				CLANG_WARN_INT_CONVERSION = YES;
				CLANG_WARN_NON_LITERAL_NULL_CONVERSION = YES;
				CLANG_WARN_OBJC_IMPLICIT_RETAIN_SELF = YES;
				CLANG_WARN_OBJC_LITERAL_CONVERSION = YES;
				CLANG_WARN_OBJC_ROOT_CLASS = YES_ERROR;
				CLANG_WARN_QUOTED_INCLUDE_IN_FRAMEWORK_HEADER = YES;
				CLANG_WARN_RANGE_LOOP_ANALYSIS = YES;
				CLANG_WARN_STRICT_PROTOTYPES = YES;
				CLANG_WARN_SUSPICIOUS_MOVE = YES;
				CLANG_WARN_UNGUARDED_AVAILABILITY = YES_AGGRESSIVE;
				CLANG_WARN_UNREACHABLE_CODE = YES;
				CLANG_WARN__DUPLICATE_METHOD_MATCH = YES;
				COPY_PHASE_STRIP = NO;
				DEBUG_INFORMATION_FORMAT = dwarf;
				ENABLE_STRICT_OBJC_MSGSEND = YES;
				ENABLE_TESTABILITY = YES;
				GCC_C_LANGUAGE_STANDARD = gnu11;
				GCC_DYNAMIC_NO_PIC = NO;
				GCC_NO_COMMON_BLOCKS = YES;
				GCC_OPTIMIZATION_LEVEL = 0;
				GCC_PREPROCESSOR_DEFINITIONS = (
					"DEBUG=1",
					"$(inherited)",
				);
				GCC_WARN_64_TO_32_BIT_CONVERSION = YES;
				GCC_WARN_ABOUT_RETURN_TYPE = YES_ERROR;
				GCC_WARN_UNDECLARED_SELECTOR = YES;
				GCC_WARN_UNINITIALIZED_AUTOS = YES_AGGRESSIVE;
				GCC_WARN_UNUSED_FUNCTION = YES;
				GCC_WARN_UNUSED_VARIABLE = YES;
				IPHONEOS_DEPLOYMENT_TARGET = 15.5;
				MTL_ENABLE_DEBUG_INFO = INCLUDE_SOURCE;
				MTL_FAST_MATH = YES;
				ONLY_ACTIVE_ARCH = YES;
				SDKROOT = iphoneos;
				SWIFT_ACTIVE_COMPILATION_CONDITIONS = DEBUG;
				SWIFT_OPTIMIZATION_LEVEL = "-Onone";
			};
			name = Debug;
		};
		7FD247E028F079BE003FE1DC /* Release */ = {
			isa = XCBuildConfiguration;
			buildSettings = {
				ALWAYS_SEARCH_USER_PATHS = NO;
				CLANG_ANALYZER_NONNULL = YES;
				CLANG_ANALYZER_NUMBER_OBJECT_CONVERSION = YES_AGGRESSIVE;
				CLANG_CXX_LANGUAGE_STANDARD = "gnu++17";
				CLANG_ENABLE_MODULES = YES;
				CLANG_ENABLE_OBJC_ARC = YES;
				CLANG_ENABLE_OBJC_WEAK = YES;
				CLANG_WARN_BLOCK_CAPTURE_AUTORELEASING = YES;
				CLANG_WARN_BOOL_CONVERSION = YES;
				CLANG_WARN_COMMA = YES;
				CLANG_WARN_CONSTANT_CONVERSION = YES;
				CLANG_WARN_DEPRECATED_OBJC_IMPLEMENTATIONS = YES;
				CLANG_WARN_DIRECT_OBJC_ISA_USAGE = YES_ERROR;
				CLANG_WARN_DOCUMENTATION_COMMENTS = YES;
				CLANG_WARN_EMPTY_BODY = YES;
				CLANG_WARN_ENUM_CONVERSION = YES;
				CLANG_WARN_INFINITE_RECURSION = YES;
				CLANG_WARN_INT_CONVERSION = YES;
				CLANG_WARN_NON_LITERAL_NULL_CONVERSION = YES;
				CLANG_WARN_OBJC_IMPLICIT_RETAIN_SELF = YES;
				CLANG_WARN_OBJC_LITERAL_CONVERSION = YES;
				CLANG_WARN_OBJC_ROOT_CLASS = YES_ERROR;
				CLANG_WARN_QUOTED_INCLUDE_IN_FRAMEWORK_HEADER = YES;
				CLANG_WARN_RANGE_LOOP_ANALYSIS = YES;
				CLANG_WARN_STRICT_PROTOTYPES = YES;
				CLANG_WARN_SUSPICIOUS_MOVE = YES;
				CLANG_WARN_UNGUARDED_AVAILABILITY = YES_AGGRESSIVE;
				CLANG_WARN_UNREACHABLE_CODE = YES;
				CLANG_WARN__DUPLICATE_METHOD_MATCH = YES;
				COPY_PHASE_STRIP = NO;
				DEBUG_INFORMATION_FORMAT = "dwarf-with-dsym";
				ENABLE_NS_ASSERTIONS = NO;
				ENABLE_STRICT_OBJC_MSGSEND = YES;
				GCC_C_LANGUAGE_STANDARD = gnu11;
				GCC_NO_COMMON_BLOCKS = YES;
				GCC_WARN_64_TO_32_BIT_CONVERSION = YES;
				GCC_WARN_ABOUT_RETURN_TYPE = YES_ERROR;
				GCC_WARN_UNDECLARED_SELECTOR = YES;
				GCC_WARN_UNINITIALIZED_AUTOS = YES_AGGRESSIVE;
				GCC_WARN_UNUSED_FUNCTION = YES;
				GCC_WARN_UNUSED_VARIABLE = YES;
				IPHONEOS_DEPLOYMENT_TARGET = 15.5;
				MTL_ENABLE_DEBUG_INFO = NO;
				MTL_FAST_MATH = YES;
				SDKROOT = iphoneos;
				SWIFT_COMPILATION_MODE = wholemodule;
				SWIFT_OPTIMIZATION_LEVEL = "-O";
				VALIDATE_PRODUCT = YES;
			};
			name = Release;
		};
		7FD247E228F079BE003FE1DC /* Debug */ = {
			isa = XCBuildConfiguration;
			buildSettings = {
				ASSETCATALOG_COMPILER_APPICON_NAME = AppIcon;
				ASSETCATALOG_COMPILER_GLOBAL_ACCENT_COLOR_NAME = AccentColor;
				CODE_SIGN_STYLE = Automatic;
				CURRENT_PROJECT_VERSION = 1;
				GENERATE_INFOPLIST_FILE = YES;
				INFOPLIST_FILE = Trabajo/Info.plist;
				INFOPLIST_KEY_UIApplicationSupportsIndirectInputEvents = YES;
				INFOPLIST_KEY_UILaunchStoryboardName = LaunchScreen;
				INFOPLIST_KEY_UIMainStoryboardFile = Main;
				INFOPLIST_KEY_UISupportedInterfaceOrientations_iPad = "UIInterfaceOrientationPortrait UIInterfaceOrientationPortraitUpsideDown UIInterfaceOrientationLandscapeLeft UIInterfaceOrientationLandscapeRight";
				INFOPLIST_KEY_UISupportedInterfaceOrientations_iPhone = "UIInterfaceOrientationPortrait UIInterfaceOrientationLandscapeLeft UIInterfaceOrientationLandscapeRight";
				LD_RUNPATH_SEARCH_PATHS = (
					"$(inherited)",
					"@executable_path/Frameworks",
				);
				MARKETING_VERSION = 1.0;
				PRODUCT_BUNDLE_IDENTIFIER = cev.Trabajo;
				PRODUCT_NAME = "$(TARGET_NAME)";
				SWIFT_EMIT_LOC_STRINGS = YES;
				SWIFT_VERSION = 5.0;
				TARGETED_DEVICE_FAMILY = "1,2";
			};
			name = Debug;
		};
		7FD247E328F079BE003FE1DC /* Release */ = {
			isa = XCBuildConfiguration;
			buildSettings = {
				ASSETCATALOG_COMPILER_APPICON_NAME = AppIcon;
				ASSETCATALOG_COMPILER_GLOBAL_ACCENT_COLOR_NAME = AccentColor;
				CODE_SIGN_STYLE = Automatic;
				CURRENT_PROJECT_VERSION = 1;
				GENERATE_INFOPLIST_FILE = YES;
				INFOPLIST_FILE = Trabajo/Info.plist;
				INFOPLIST_KEY_UIApplicationSupportsIndirectInputEvents = YES;
				INFOPLIST_KEY_UILaunchStoryboardName = LaunchScreen;
				INFOPLIST_KEY_UIMainStoryboardFile = Main;
				INFOPLIST_KEY_UISupportedInterfaceOrientations_iPad = "UIInterfaceOrientationPortrait UIInterfaceOrientationPortraitUpsideDown UIInterfaceOrientationLandscapeLeft UIInterfaceOrientationLandscapeRight";
				INFOPLIST_KEY_UISupportedInterfaceOrientations_iPhone = "UIInterfaceOrientationPortrait UIInterfaceOrientationLandscapeLeft UIInterfaceOrientationLandscapeRight";
				LD_RUNPATH_SEARCH_PATHS = (
					"$(inherited)",
					"@executable_path/Frameworks",
				);
				MARKETING_VERSION = 1.0;
				PRODUCT_BUNDLE_IDENTIFIER = cev.Trabajo;
				PRODUCT_NAME = "$(TARGET_NAME)";
				SWIFT_EMIT_LOC_STRINGS = YES;
				SWIFT_VERSION = 5.0;
				TARGETED_DEVICE_FAMILY = "1,2";
			};
			name = Release;
		};
/* End XCBuildConfiguration section */

/* Begin XCConfigurationList section */
		7FD247C828F079BC003FE1DC /* Build configuration list for PBXProject "Trabajo" */ = {
			isa = XCConfigurationList;
			buildConfigurations = (
				7FD247DF28F079BE003FE1DC /* Debug */,
				7FD247E028F079BE003FE1DC /* Release */,
			);
			defaultConfigurationIsVisible = 0;
			defaultConfigurationName = Release;
		};
		7FD247E128F079BE003FE1DC /* Build configuration list for PBXNativeTarget "Trabajo" */ = {
			isa = XCConfigurationList;
			buildConfigurations = (
				7FD247E228F079BE003FE1DC /* Debug */,
				7FD247E328F079BE003FE1DC /* Release */,
			);
			defaultConfigurationIsVisible = 0;
			defaultConfigurationName = Release;
		};
/* End XCConfigurationList section */
	};
	rootObject = 7FD247C528F079BC003FE1DC /* Project object */;
}
